
Microsoft Visual Studio Solution File, Format Version 12.00
# Visual Studio Version 16
VisualStudioVersion = 16.0.31112.23
MinimumVisualStudioVersion = 10.0.40219.1
Project("{FAE04EC0-301F-11D3-BF4B-00C04F79EFBC}") = "Generic Animal", "Generic Animal\Generic Animal.csproj", "{89822852-C5D5-48C8-AC97-18E533C8D9EA}"
EndProject
Global
	GlobalSection(SolutionConfigurationPlatforms) = preSolution
		Debug|Any CPU = Debug|Any CPU
		Release|Any CPU = Release|Any CPU
	EndGlobalSection
	GlobalSection(ProjectConfigurationPlatforms) = postSolution
		{89822852-C5D5-48C8-AC97-18E533C8D9EA}.Debug|Any CPU.ActiveCfg = Debug|Any CPU
		{89822852-C5D5-48C8-AC97-18E533C8D9EA}.Debug|Any CPU.Build.0 = Debug|Any CPU
		{89822852-C5D5-48C8-AC97-18E533C8D9EA}.Release|Any CPU.ActiveCfg = Release|Any CPU
		{89822852-C5D5-48C8-AC97-18E533C8D9EA}.Release|Any CPU.Build.0 = Release|Any CPU
	EndGlobalSection
	GlobalSection(SolutionProperties) = preSolution
		HideSolutionNode = FALSE
	EndGlobalSection
	GlobalSection(ExtensibilityGlobals) = postSolution
		SolutionGuid = {8515A8A2-BAB8-42AA-AD2D-E42F74E6491E}
	EndGlobalSection
EndGlobal
