
Microsoft Visual Studio Solution File, Format Version 12.00
# Visual Studio Version 16
VisualStudioVersion = 16.0.31019.35
MinimumVisualStudioVersion = 10.0.40219.1
Project("{FAE04EC0-301F-11D3-BF4B-00C04F79EFBC}") = "A to Z", "A to Z\A to Z.csproj", "{0AE3B7A3-79F9-4DE1-ACA8-240B5BCA0D97}"
EndProject
Project("{FAE04EC0-301F-11D3-BF4B-00C04F79EFBC}") = "Method", "rrrrrrrr\Method.csproj", "{BCD7A2B0-4B23-4FFB-9C84-3EB0E955D8F9}"
EndProject
Project("{FAE04EC0-301F-11D3-BF4B-00C04F79EFBC}") = "Result Calculate", "Prefixand postfix\Result Calculate.csproj", "{EADFC404-EDF5-419A-A50C-63050CCCC582}"
EndProject
Global
	GlobalSection(SolutionConfigurationPlatforms) = preSolution
		Debug|Any CPU = Debug|Any CPU
		Release|Any CPU = Release|Any CPU
	EndGlobalSection
	GlobalSection(ProjectConfigurationPlatforms) = postSolution
		{0AE3B7A3-79F9-4DE1-ACA8-240B5BCA0D97}.Debug|Any CPU.ActiveCfg = Debug|Any CPU
		{0AE3B7A3-79F9-4DE1-ACA8-240B5BCA0D97}.Debug|Any CPU.Build.0 = Debug|Any CPU
		{0AE3B7A3-79F9-4DE1-ACA8-240B5BCA0D97}.Release|Any CPU.ActiveCfg = Release|Any CPU
		{0AE3B7A3-79F9-4DE1-ACA8-240B5BCA0D97}.Release|Any CPU.Build.0 = Release|Any CPU
		{BCD7A2B0-4B23-4FFB-9C84-3EB0E955D8F9}.Debug|Any CPU.ActiveCfg = Debug|Any CPU
		{BCD7A2B0-4B23-4FFB-9C84-3EB0E955D8F9}.Debug|Any CPU.Build.0 = Debug|Any CPU
		{BCD7A2B0-4B23-4FFB-9C84-3EB0E955D8F9}.Release|Any CPU.ActiveCfg = Release|Any CPU
		{BCD7A2B0-4B23-4FFB-9C84-3EB0E955D8F9}.Release|Any CPU.Build.0 = Release|Any CPU
		{EADFC404-EDF5-419A-A50C-63050CCCC582}.Debug|Any CPU.ActiveCfg = Debug|Any CPU
		{EADFC404-EDF5-419A-A50C-63050CCCC582}.Debug|Any CPU.Build.0 = Debug|Any CPU
		{EADFC404-EDF5-419A-A50C-63050CCCC582}.Release|Any CPU.ActiveCfg = Release|Any CPU
		{EADFC404-EDF5-419A-A50C-63050CCCC582}.Release|Any CPU.Build.0 = Release|Any CPU
	EndGlobalSection
	GlobalSection(SolutionProperties) = preSolution
		HideSolutionNode = FALSE
	EndGlobalSection
	GlobalSection(ExtensibilityGlobals) = postSolution
		SolutionGuid = {F6BDC5DC-0623-4C4F-A291-AECE00C5A8AB}
	EndGlobalSection
EndGlobal
