
Microsoft Visual Studio Solution File, Format Version 12.00
# Visual Studio Version 16
VisualStudioVersion = 16.0.31019.35
MinimumVisualStudioVersion = 10.0.40219.1
Project("{FAE04EC0-301F-11D3-BF4B-00C04F79EFBC}") = "Syntext", "Syntext\Syntext.csproj", "{3A08A5F0-4E35-4FA5-881A-828D001D6A24}"
EndProject
Global
	GlobalSection(SolutionConfigurationPlatforms) = preSolution
		Debug|Any CPU = Debug|Any CPU
		Release|Any CPU = Release|Any CPU
	EndGlobalSection
	GlobalSection(ProjectConfigurationPlatforms) = postSolution
		{3A08A5F0-4E35-4FA5-881A-828D001D6A24}.Debug|Any CPU.ActiveCfg = Debug|Any CPU
		{3A08A5F0-4E35-4FA5-881A-828D001D6A24}.Debug|Any CPU.Build.0 = Debug|Any CPU
		{3A08A5F0-4E35-4FA5-881A-828D001D6A24}.Release|Any CPU.ActiveCfg = Release|Any CPU
		{3A08A5F0-4E35-4FA5-881A-828D001D6A24}.Release|Any CPU.Build.0 = Release|Any CPU
	EndGlobalSection
	GlobalSection(SolutionProperties) = preSolution
		HideSolutionNode = FALSE
	EndGlobalSection
	GlobalSection(ExtensibilityGlobals) = postSolution
		SolutionGuid = {AC625F15-EAD2-4EA6-9AFF-DF8DEBBDE97C}
	EndGlobalSection
EndGlobal
