
Microsoft Visual Studio Solution File, Format Version 12.00
# Visual Studio Version 16
VisualStudioVersion = 16.0.31105.61
MinimumVisualStudioVersion = 10.0.40219.1
Project("{FAE04EC0-301F-11D3-BF4B-00C04F79EFBC}") = "Inheritance", "Inheritance\Inheritance.csproj", "{BA68A8EF-F589-45AD-A2C2-DF3C4CB615AA}"
EndProject
Project("{FAE04EC0-301F-11D3-BF4B-00C04F79EFBC}") = "Vehicle", "Vehicle\Vehicle.csproj", "{52C8340C-1566-490D-8969-F0D15D8CC6BA}"
EndProject
Global
	GlobalSection(SolutionConfigurationPlatforms) = preSolution
		Debug|Any CPU = Debug|Any CPU
		Release|Any CPU = Release|Any CPU
	EndGlobalSection
	GlobalSection(ProjectConfigurationPlatforms) = postSolution
		{BA68A8EF-F589-45AD-A2C2-DF3C4CB615AA}.Debug|Any CPU.ActiveCfg = Debug|Any CPU
		{BA68A8EF-F589-45AD-A2C2-DF3C4CB615AA}.Debug|Any CPU.Build.0 = Debug|Any CPU
		{BA68A8EF-F589-45AD-A2C2-DF3C4CB615AA}.Release|Any CPU.ActiveCfg = Release|Any CPU
		{BA68A8EF-F589-45AD-A2C2-DF3C4CB615AA}.Release|Any CPU.Build.0 = Release|Any CPU
		{52C8340C-1566-490D-8969-F0D15D8CC6BA}.Debug|Any CPU.ActiveCfg = Debug|Any CPU
		{52C8340C-1566-490D-8969-F0D15D8CC6BA}.Debug|Any CPU.Build.0 = Debug|Any CPU
		{52C8340C-1566-490D-8969-F0D15D8CC6BA}.Release|Any CPU.ActiveCfg = Release|Any CPU
		{52C8340C-1566-490D-8969-F0D15D8CC6BA}.Release|Any CPU.Build.0 = Release|Any CPU
	EndGlobalSection
	GlobalSection(SolutionProperties) = preSolution
		HideSolutionNode = FALSE
	EndGlobalSection
	GlobalSection(ExtensibilityGlobals) = postSolution
		SolutionGuid = {65FE2AAA-B3C1-49AB-8CD0-892B575CEDC3}
	EndGlobalSection
EndGlobal
