
Microsoft Visual Studio Solution File, Format Version 12.00
# Visual Studio Version 16
VisualStudioVersion = 16.0.31005.135
MinimumVisualStudioVersion = 10.0.40219.1
Project("{FAE04EC0-301F-11D3-BF4B-00C04F79EFBC}") = "Calculator", "Calculator\Calculator.csproj", "{930CB06B-6EBE-47F8-BFE9-9F7B26516C2F}"
EndProject
Project("{FAE04EC0-301F-11D3-BF4B-00C04F79EFBC}") = "ProjectA", "ProjectA\ProjectA.csproj", "{20D59820-C239-4799-A6E5-B4EF6817E256}"
EndProject
Global
	GlobalSection(SolutionConfigurationPlatforms) = preSolution
		Debug|Any CPU = Debug|Any CPU
		Release|Any CPU = Release|Any CPU
	EndGlobalSection
	GlobalSection(ProjectConfigurationPlatforms) = postSolution
		{930CB06B-6EBE-47F8-BFE9-9F7B26516C2F}.Debug|Any CPU.ActiveCfg = Debug|Any CPU
		{930CB06B-6EBE-47F8-BFE9-9F7B26516C2F}.Debug|Any CPU.Build.0 = Debug|Any CPU
		{930CB06B-6EBE-47F8-BFE9-9F7B26516C2F}.Release|Any CPU.ActiveCfg = Release|Any CPU
		{930CB06B-6EBE-47F8-BFE9-9F7B26516C2F}.Release|Any CPU.Build.0 = Release|Any CPU
		{20D59820-C239-4799-A6E5-B4EF6817E256}.Debug|Any CPU.ActiveCfg = Debug|Any CPU
		{20D59820-C239-4799-A6E5-B4EF6817E256}.Debug|Any CPU.Build.0 = Debug|Any CPU
		{20D59820-C239-4799-A6E5-B4EF6817E256}.Release|Any CPU.ActiveCfg = Release|Any CPU
		{20D59820-C239-4799-A6E5-B4EF6817E256}.Release|Any CPU.Build.0 = Release|Any CPU
	EndGlobalSection
	GlobalSection(SolutionProperties) = preSolution
		HideSolutionNode = FALSE
	EndGlobalSection
	GlobalSection(ExtensibilityGlobals) = postSolution
		SolutionGuid = {0CC4EFDE-7E1A-4A04-908A-45CDC5463528}
	EndGlobalSection
EndGlobal
