
Microsoft Visual Studio Solution File, Format Version 12.00
# Visual Studio Version 16
VisualStudioVersion = 16.0.31105.61
MinimumVisualStudioVersion = 10.0.40219.1
Project("{FAE04EC0-301F-11D3-BF4B-00C04F79EFBC}") = "Enum Interface", "Enum Interface\Enum Interface.csproj", "{CC6EAA24-97CB-4D59-A933-F9F7E4F2E404}"
EndProject
Global
	GlobalSection(SolutionConfigurationPlatforms) = preSolution
		Debug|Any CPU = Debug|Any CPU
		Release|Any CPU = Release|Any CPU
	EndGlobalSection
	GlobalSection(ProjectConfigurationPlatforms) = postSolution
		{CC6EAA24-97CB-4D59-A933-F9F7E4F2E404}.Debug|Any CPU.ActiveCfg = Debug|Any CPU
		{CC6EAA24-97CB-4D59-A933-F9F7E4F2E404}.Debug|Any CPU.Build.0 = Debug|Any CPU
		{CC6EAA24-97CB-4D59-A933-F9F7E4F2E404}.Release|Any CPU.ActiveCfg = Release|Any CPU
		{CC6EAA24-97CB-4D59-A933-F9F7E4F2E404}.Release|Any CPU.Build.0 = Release|Any CPU
	EndGlobalSection
	GlobalSection(SolutionProperties) = preSolution
		HideSolutionNode = FALSE
	EndGlobalSection
	GlobalSection(ExtensibilityGlobals) = postSolution
		SolutionGuid = {353164AC-4B2A-48C4-A339-04F694327C98}
	EndGlobalSection
EndGlobal
