
Microsoft Visual Studio Solution File, Format Version 12.00
# Visual Studio Version 16
VisualStudioVersion = 16.0.31105.61
MinimumVisualStudioVersion = 10.0.40219.1
Project("{FAE04EC0-301F-11D3-BF4B-00C04F79EFBC}") = "Evidence Exam-2", "Evidence Exam-2\Evidence Exam-2.csproj", "{75C1BAA0-DBFC-420C-9BBC-3CDEA720A39F}"
EndProject
Global
	GlobalSection(SolutionConfigurationPlatforms) = preSolution
		Debug|Any CPU = Debug|Any CPU
		Release|Any CPU = Release|Any CPU
	EndGlobalSection
	GlobalSection(ProjectConfigurationPlatforms) = postSolution
		{75C1BAA0-DBFC-420C-9BBC-3CDEA720A39F}.Debug|Any CPU.ActiveCfg = Debug|Any CPU
		{75C1BAA0-DBFC-420C-9BBC-3CDEA720A39F}.Debug|Any CPU.Build.0 = Debug|Any CPU
		{75C1BAA0-DBFC-420C-9BBC-3CDEA720A39F}.Release|Any CPU.ActiveCfg = Release|Any CPU
		{75C1BAA0-DBFC-420C-9BBC-3CDEA720A39F}.Release|Any CPU.Build.0 = Release|Any CPU
	EndGlobalSection
	GlobalSection(SolutionProperties) = preSolution
		HideSolutionNode = FALSE
	EndGlobalSection
	GlobalSection(ExtensibilityGlobals) = postSolution
		SolutionGuid = {B862C597-F113-4772-B9C5-60FE2D12C422}
	EndGlobalSection
EndGlobal
