
Microsoft Visual Studio Solution File, Format Version 12.00
# Visual Studio Version 16
VisualStudioVersion = 16.0.31112.23
MinimumVisualStudioVersion = 10.0.40219.1
Project("{FAE04EC0-301F-11D3-BF4B-00C04F79EFBC}") = "Enumeration", "Enumeration\Enumeration.csproj", "{D98B3152-9176-466C-9963-F0264168F6CB}"
EndProject
Global
	GlobalSection(SolutionConfigurationPlatforms) = preSolution
		Debug|Any CPU = Debug|Any CPU
		Release|Any CPU = Release|Any CPU
	EndGlobalSection
	GlobalSection(ProjectConfigurationPlatforms) = postSolution
		{D98B3152-9176-466C-9963-F0264168F6CB}.Debug|Any CPU.ActiveCfg = Debug|Any CPU
		{D98B3152-9176-466C-9963-F0264168F6CB}.Debug|Any CPU.Build.0 = Debug|Any CPU
		{D98B3152-9176-466C-9963-F0264168F6CB}.Release|Any CPU.ActiveCfg = Release|Any CPU
		{D98B3152-9176-466C-9963-F0264168F6CB}.Release|Any CPU.Build.0 = Release|Any CPU
	EndGlobalSection
	GlobalSection(SolutionProperties) = preSolution
		HideSolutionNode = FALSE
	EndGlobalSection
	GlobalSection(ExtensibilityGlobals) = postSolution
		SolutionGuid = {748AA908-040B-4DB3-9044-590C0A9C3923}
	EndGlobalSection
EndGlobal
