
Microsoft Visual Studio Solution File, Format Version 12.00
# Visual Studio Version 16
VisualStudioVersion = 16.0.31105.61
MinimumVisualStudioVersion = 10.0.40219.1
Project("{FAE04EC0-301F-11D3-BF4B-00C04F79EFBC}") = "Optional Parameter", "Optional Parameter\Optional Parameter.csproj", "{06E9AF62-9CC3-468B-B1C3-19F40D560074}"
EndProject
Global
	GlobalSection(SolutionConfigurationPlatforms) = preSolution
		Debug|Any CPU = Debug|Any CPU
		Release|Any CPU = Release|Any CPU
	EndGlobalSection
	GlobalSection(ProjectConfigurationPlatforms) = postSolution
		{06E9AF62-9CC3-468B-B1C3-19F40D560074}.Debug|Any CPU.ActiveCfg = Debug|Any CPU
		{06E9AF62-9CC3-468B-B1C3-19F40D560074}.Debug|Any CPU.Build.0 = Debug|Any CPU
		{06E9AF62-9CC3-468B-B1C3-19F40D560074}.Release|Any CPU.ActiveCfg = Release|Any CPU
		{06E9AF62-9CC3-468B-B1C3-19F40D560074}.Release|Any CPU.Build.0 = Release|Any CPU
	EndGlobalSection
	GlobalSection(SolutionProperties) = preSolution
		HideSolutionNode = FALSE
	EndGlobalSection
	GlobalSection(ExtensibilityGlobals) = postSolution
		SolutionGuid = {F6575040-0180-499A-A0CC-BBBC15A5FE44}
	EndGlobalSection
EndGlobal
