
Microsoft Visual Studio Solution File, Format Version 12.00
# Visual Studio Version 16
VisualStudioVersion = 16.0.31112.23
MinimumVisualStudioVersion = 10.0.40219.1
Project("{FAE04EC0-301F-11D3-BF4B-00C04F79EFBC}") = "Indexer", "Indexer\Indexer.csproj", "{ECD29FD2-E43C-468F-945E-A76E61D6111A}"
EndProject
Global
	GlobalSection(SolutionConfigurationPlatforms) = preSolution
		Debug|Any CPU = Debug|Any CPU
		Release|Any CPU = Release|Any CPU
	EndGlobalSection
	GlobalSection(ProjectConfigurationPlatforms) = postSolution
		{ECD29FD2-E43C-468F-945E-A76E61D6111A}.Debug|Any CPU.ActiveCfg = Debug|Any CPU
		{ECD29FD2-E43C-468F-945E-A76E61D6111A}.Debug|Any CPU.Build.0 = Debug|Any CPU
		{ECD29FD2-E43C-468F-945E-A76E61D6111A}.Release|Any CPU.ActiveCfg = Release|Any CPU
		{ECD29FD2-E43C-468F-945E-A76E61D6111A}.Release|Any CPU.Build.0 = Release|Any CPU
	EndGlobalSection
	GlobalSection(SolutionProperties) = preSolution
		HideSolutionNode = FALSE
	EndGlobalSection
	GlobalSection(ExtensibilityGlobals) = postSolution
		SolutionGuid = {835FE610-ED61-459D-9CFE-0A1CEF8AF559}
	EndGlobalSection
EndGlobal
