
Microsoft Visual Studio Solution File, Format Version 12.00
# Visual Studio Version 16
VisualStudioVersion = 16.0.31105.61
MinimumVisualStudioVersion = 10.0.40219.1
Project("{FAE04EC0-301F-11D3-BF4B-00C04F79EFBC}") = "Interface", "Interface\Interface.csproj", "{AD208F42-7F93-4FB7-91A2-FE410D6AB0B0}"
EndProject
Project("{FAE04EC0-301F-11D3-BF4B-00C04F79EFBC}") = "Implicit Interface", "Implicit Interface\Implicit Interface.csproj", "{70A04149-2471-4EA3-88DE-EEE56D25B38D}"
EndProject
Global
	GlobalSection(SolutionConfigurationPlatforms) = preSolution
		Debug|Any CPU = Debug|Any CPU
		Release|Any CPU = Release|Any CPU
	EndGlobalSection
	GlobalSection(ProjectConfigurationPlatforms) = postSolution
		{AD208F42-7F93-4FB7-91A2-FE410D6AB0B0}.Debug|Any CPU.ActiveCfg = Debug|Any CPU
		{AD208F42-7F93-4FB7-91A2-FE410D6AB0B0}.Debug|Any CPU.Build.0 = Debug|Any CPU
		{AD208F42-7F93-4FB7-91A2-FE410D6AB0B0}.Release|Any CPU.ActiveCfg = Release|Any CPU
		{AD208F42-7F93-4FB7-91A2-FE410D6AB0B0}.Release|Any CPU.Build.0 = Release|Any CPU
		{70A04149-2471-4EA3-88DE-EEE56D25B38D}.Debug|Any CPU.ActiveCfg = Debug|Any CPU
		{70A04149-2471-4EA3-88DE-EEE56D25B38D}.Debug|Any CPU.Build.0 = Debug|Any CPU
		{70A04149-2471-4EA3-88DE-EEE56D25B38D}.Release|Any CPU.ActiveCfg = Release|Any CPU
		{70A04149-2471-4EA3-88DE-EEE56D25B38D}.Release|Any CPU.Build.0 = Release|Any CPU
	EndGlobalSection
	GlobalSection(SolutionProperties) = preSolution
		HideSolutionNode = FALSE
	EndGlobalSection
	GlobalSection(ExtensibilityGlobals) = postSolution
		SolutionGuid = {FBE4B3B2-7F67-4BBB-B0AC-1BD9AE635B34}
	EndGlobalSection
EndGlobal
